
Microsoft Visual Studio Solution File, Format Version 12.00
# Visual Studio Version 17
VisualStudioVersion = 17.7.34031.279
MinimumVisualStudioVersion = 10.0.40219.1
Project("{FAE04EC0-301F-11D3-BF4B-00C04F79EFBC}") = "AdministracionHL", "AdministracionHL\AdministracionHL.csproj", "{944B0172-23D9-4001-BA6C-B2DFA5F38619}"
EndProject
Global
	GlobalSection(SolutionConfigurationPlatforms) = preSolution
		Debug|Any CPU = Debug|Any CPU
		Release|Any CPU = Release|Any CPU
	EndGlobalSection
	GlobalSection(ProjectConfigurationPlatforms) = postSolution
		{944B0172-23D9-4001-BA6C-B2DFA5F38619}.Debug|Any CPU.ActiveCfg = Debug|Any CPU
		{944B0172-23D9-4001-BA6C-B2DFA5F38619}.Debug|Any CPU.Build.0 = Debug|Any CPU
		{944B0172-23D9-4001-BA6C-B2DFA5F38619}.Release|Any CPU.ActiveCfg = Release|Any CPU
		{944B0172-23D9-4001-BA6C-B2DFA5F38619}.Release|Any CPU.Build.0 = Release|Any CPU
	EndGlobalSection
	GlobalSection(SolutionProperties) = preSolution
		HideSolutionNode = FALSE
	EndGlobalSection
	GlobalSection(ExtensibilityGlobals) = postSolution
		SolutionGuid = {58693891-A829-44EB-946D-B959A7F40C0C}
	EndGlobalSection
EndGlobal
